# -------------------------------------------------------------------------- #
#
# Copyright (C) 2025  Altera Corporation. All rights reserved.
# Your use of Altera Corporation's design tools, logic functions
# and other software and tools, and any partner logic
# functions, and any output files from any of the foregoing
# (including device programming or simulation files), and any
# associated documentation or information are expressly subject
# to the terms and conditions of the Altera Program License
# Subscription Agreement, the Altera Quartus Prime License Agreement,
# the Altera IP License Agreement, or other applicable license
# agreement, including, without limitation, that your use is for
# the sole purpose of programming logic devices manufactured by
# Altera and sold by Altera or its authorized distributors.  Please
# refer to the Altera Software License Subscription Agreements
# on the Quartus Prime software download page.
#
# -------------------------------------------------------------------------- #
#
# Quartus Prime
# Version 25.1.0 Build 109 02/26/2025 SC Pro Edition
# Date created = 15:43:58  March 05, 2025
#
# -------------------------------------------------------------------------- #


# Quartus version assignments
set_global_assignment -name ORIGINAL_QUARTUS_VERSION 26.1.0
set_global_assignment -name LAST_QUARTUS_VERSION "26.1.0 Pro Edition"


# Device properties
set_global_assignment -name FAMILY "Agilex 5"
set_global_assignment -name DEVICE A5ED065BB32AE6SR0

# Toplevel and toplevel RTL
set_global_assignment -name TOP_LEVEL_ENTITY agilex5_devkit

# Phase A custom RTL is VHDL-2008 (CLAUDE.md SS5). Project-wide default keeps
# ipgenerate's wrapped VHDL files (dac_controller_0 inside dac_subsys) parseable.
set_global_assignment -name VHDL_INPUT_VERSION VHDL_2008


# Flow assignments
# Put all reports into the output_files directory
set_global_assignment -name PROJECT_OUTPUT_DIRECTORY output_files
# Set the default parallelization to 4
set_global_assignment -name NUM_PARALLEL_PROCESSORS 4
# Define the board as default
set_global_assignment -name BOARD default
# Convert timing failures to errors
set_global_assignment -name PROMOTE_WARNING_TO_ERROR 332148
# Include custom IP in IP search path
set_global_assignment -name IP_SEARCH_PATHS "custom_ip/**/*;ip/fabric_subsys/**/*;ip/shell_subsys/**/*;../../ip/**/*"
# Disable assembler during "play button" flow
set_global_assignment -name FLOW_DISABLE_ASSEMBLER ON
# Disable spawning the Timing Analyzer GUI during the "play button" flow
set_global_assignment -name FLOW_ENABLE_INTERACTIVE_TIMING_ANALYZER OFF
# Promote pins without location assignments to errors
set_global_assignment -name PROMOTE_WARNING_TO_ERROR 12677


# Configuration Assignments
set_global_assignment -name HPS_DAP_NO_CERTIFICATE on
set_global_assignment -name QSPI_OWNERSHIP HPS
set_global_assignment -name ENABLE_INTERMEDIATE_SNAPSHOTS ON
set_global_assignment -name USE_HPS_COLD_RESET SDM_IO11
set_global_assignment -name USE_CONF_DONE SDM_IO12
set_global_assignment -name HPS_INITIALIZATION "HPS FIRST"
set_global_assignment -name DEVICE_INITIALIZATION_CLOCK OSC_CLK_1_125MHZ
set_global_assignment -name HPS_DAP_SPLIT_MODE "SDM PINS"
set_global_assignment -name VID_OPERATION_MODE "PMBUS MASTER"
set_global_assignment -name USE_PWRMGT_SCL SDM_IO0
set_global_assignment -name USE_PWRMGT_SDA SDM_IO16
set_global_assignment -name PWRMGT_BUS_SPEED_MODE "400 KHZ"
set_global_assignment -name PWRMGT_PAGE_COMMAND_ENABLE ON
set_global_assignment -name PWRMGT_SLAVE_DEVICE_TYPE OTHER
set_global_assignment -name PWRMGT_SLAVE_DEVICE0_ADDRESS 74
set_global_assignment -name PWRMGT_SLAVE_DEVICE1_ADDRESS 75
set_global_assignment -name PWRMGT_SLAVE_DEVICE2_ADDRESS 00
set_global_assignment -name PWRMGT_SLAVE_DEVICE3_ADDRESS 00
set_global_assignment -name PWRMGT_SLAVE_DEVICE4_ADDRESS 00
set_global_assignment -name PWRMGT_SLAVE_DEVICE5_ADDRESS 00
set_global_assignment -name PWRMGT_SLAVE_DEVICE6_ADDRESS 00
set_global_assignment -name PWRMGT_SLAVE_DEVICE7_ADDRESS 00
set_global_assignment -name PWRMGT_VOLTAGE_OUTPUT_FORMAT "LINEAR FORMAT"
set_global_assignment -name PWRMGT_LINEAR_FORMAT_N "-12"
set_global_assignment -name PWRMGT_TRANSLATED_VOLTAGE_VALUE_UNIT VOLTS
set_global_assignment -name USE_CHECKSUM_AS_USERCODE OFF
set_global_assignment -name NUMBER_OF_SLAVE_DEVICE 2

# Pin location and IO standard assignments
# Clocks, resets, GPIO
set_location_assignment PIN_BK109 -to pll_refclk_100
set_instance_assignment -name IO_STANDARD "3.3-V LVCMOS" -to pll_refclk_100
set_instance_assignment -name INPUT_TERMINATION OFF -to pll_refclk_100
set_location_assignment PIN_BR112 -to fpga_reset_n
set_instance_assignment -name IO_STANDARD "3.3-V LVCMOS" -to fpga_reset_n -entity agilex5_devkit
set_instance_assignment -name INPUT_TERMINATION OFF -to fpga_reset_n
set_location_assignment PIN_BM59 -to fpga_user_leds[0]
set_instance_assignment -name IO_STANDARD "1.1-V" -to fpga_user_leds[0] -entity agilex5_devkit
set_instance_assignment -name SLEW_RATE 0 -to fpga_user_leds[0] -entity agilex5_devkit
set_location_assignment PIN_BH59 -to fpga_user_leds[1]
set_instance_assignment -name IO_STANDARD "1.1-V" -to fpga_user_leds[1] -entity agilex5_devkit
set_instance_assignment -name SLEW_RATE 0 -to fpga_user_leds[1] -entity agilex5_devkit
set_location_assignment PIN_BH62 -to fpga_user_leds[2]
set_instance_assignment -name IO_STANDARD "1.1-V" -to fpga_user_leds[2] -entity agilex5_devkit
set_instance_assignment -name SLEW_RATE 0 -to fpga_user_leds[2] -entity agilex5_devkit
set_location_assignment PIN_BK59 -to fpga_user_leds[3]
set_instance_assignment -name IO_STANDARD "1.1-V" -to fpga_user_leds[3] -entity agilex5_devkit
set_instance_assignment -name SLEW_RATE 0 -to fpga_user_leds[3] -entity agilex5_devkit
set_instance_assignment -name OUTPUT_TERMINATION "SERIES 40 OHM WITHOUT CALIBRATION" -to fpga_user_leds[0] -entity agilex5_devkit
set_instance_assignment -name OUTPUT_TERMINATION "SERIES 40 OHM WITHOUT CALIBRATION" -to fpga_user_leds[1] -entity agilex5_devkit
set_instance_assignment -name OUTPUT_TERMINATION "SERIES 40 OHM WITHOUT CALIBRATION" -to fpga_user_leds[2] -entity agilex5_devkit
set_instance_assignment -name OUTPUT_TERMINATION "SERIES 40 OHM WITHOUT CALIBRATION" -to fpga_user_leds[3] -entity agilex5_devkit
set_location_assignment PIN_CH12 -to fpga_user_switches[0]
set_instance_assignment -name IO_STANDARD "3.3-V LVCMOS" -to fpga_user_switches[0] -entity agilex5_devkit
set_instance_assignment -name WEAK_PULL_UP_RESISTOR ON -to fpga_user_switches[0] -entity agilex5_devkit
set_location_assignment PIN_BU22 -to fpga_user_switches[1]
set_instance_assignment -name IO_STANDARD "3.3-V LVCMOS" -to fpga_user_switches[1] -entity agilex5_devkit
set_instance_assignment -name WEAK_PULL_UP_RESISTOR ON -to fpga_user_switches[1] -entity agilex5_devkit
set_location_assignment PIN_BW19 -to fpga_user_switches[2]
set_instance_assignment -name IO_STANDARD "3.3-V LVCMOS" -to fpga_user_switches[2] -entity agilex5_devkit
set_instance_assignment -name WEAK_PULL_UP_RESISTOR ON -to fpga_user_switches[2] -entity agilex5_devkit
set_location_assignment PIN_BH28 -to fpga_user_switches[3]
set_instance_assignment -name IO_STANDARD "3.3-V LVCMOS" -to fpga_user_switches[3] -entity agilex5_devkit
set_instance_assignment -name WEAK_PULL_UP_RESISTOR ON -to fpga_user_switches[3] -entity agilex5_devkit
set_location_assignment PIN_BK31 -to fpga_user_push_buttons[0]
set_instance_assignment -name IO_STANDARD "3.3-V LVCMOS" -to fpga_user_push_buttons[0] -entity agilex5_devkit
set_instance_assignment -name INPUT_TERMINATION OFF -to fpga_user_push_buttons[0]
set_location_assignment PIN_BP22 -to fpga_user_push_buttons[1]
set_instance_assignment -name IO_STANDARD "3.3-V LVCMOS" -to fpga_user_push_buttons[1] -entity agilex5_devkit
set_location_assignment PIN_BK28 -to fpga_user_push_buttons[2]
set_instance_assignment -name IO_STANDARD "3.3-V LVCMOS" -to fpga_user_push_buttons[2] -entity agilex5_devkit
set_location_assignment PIN_BR22 -to fpga_user_push_buttons[3]
set_instance_assignment -name IO_STANDARD "3.3-V LVCMOS" -to fpga_user_push_buttons[3] -entity agilex5_devkit
# HPS IO48 Peripherals
# HPS pin LOCATIONS recovered from upstream
# D:/agilex5e-ed-gsrd-main/a5ed065es-premium-devkit-debug2/legacy-baseline/legacy_baseline.qsf
# (same DK-A5E065BB32AES1 dev kit family); were missing from the Stage 1 retargeted
# baseline_a55 qsf, never noticed because Stages 1-3 only ran --project-only.
# IO_STANDARD / drive strength / pull-up declarations follow below.
set_location_assignment PIN_M124 -to hps_osc_clk
set_location_assignment PIN_T127 -to hps_jtag_tck
set_location_assignment PIN_Y132 -to hps_jtag_tms
set_location_assignment PIN_T124 -to hps_jtag_tdo
set_location_assignment PIN_P124 -to hps_jtag_tdi
set_location_assignment PIN_D132 -to hps_sdmmc_CCLK
set_location_assignment PIN_AB132 -to hps_sdmmc_CMD
set_location_assignment PIN_E135 -to hps_sdmmc_D0
set_location_assignment PIN_F132 -to hps_sdmmc_D1
set_location_assignment PIN_AA135 -to hps_sdmmc_D2
set_location_assignment PIN_V127 -to hps_sdmmc_D3
set_location_assignment PIN_P132 -to hps_emac0_TX_CLK
set_location_assignment PIN_J135 -to hps_emac0_RX_CLK
set_location_assignment PIN_L135 -to hps_emac0_TX_CTL
set_location_assignment PIN_AD135 -to hps_emac0_RX_CTL
set_location_assignment PIN_M132 -to hps_emac0_TXD0
set_location_assignment PIN_AD134 -to hps_emac0_TXD1
set_location_assignment PIN_J134 -to hps_emac0_TXD2
set_location_assignment PIN_AG120 -to hps_emac0_TXD3
set_location_assignment PIN_K132 -to hps_emac0_RXD0
set_location_assignment PIN_AG129 -to hps_emac0_RXD1
set_location_assignment PIN_G134 -to hps_emac0_RXD2
set_location_assignment PIN_G135 -to hps_emac0_RXD3
set_location_assignment PIN_W135 -to hps_emac0_PPS
set_location_assignment PIN_U135 -to hps_emac0_PPS_TRIG
set_location_assignment PIN_N134 -to hps_emac0_MDIO
set_location_assignment PIN_T132 -to hps_emac0_MDC
set_location_assignment PIN_U134 -to hps_spim0_CLK
set_location_assignment PIN_AL120 -to hps_spim0_MOSI
set_location_assignment PIN_R134 -to hps_spim0_MISO
set_location_assignment PIN_AG115 -to hps_spim0_SS0_N
set_location_assignment PIN_W134 -to hps_uart0_TX
set_location_assignment PIN_AK115 -to hps_uart0_RX
set_location_assignment PIN_N135 -to hps_i3c1_SDA
set_location_assignment PIN_AK120 -to hps_i3c1_SCL
set_location_assignment PIN_AB124 -to hps_trace_CLK
set_location_assignment PIN_F127 -to hps_trace_D0
set_location_assignment PIN_Y124 -to hps_trace_D1
set_location_assignment PIN_F124 -to hps_trace_D2
set_location_assignment PIN_D124 -to hps_trace_D3
set_location_assignment PIN_H127 -to hps_trace_D4
set_location_assignment PIN_Y127 -to hps_trace_D5
set_location_assignment PIN_K124 -to hps_trace_D6
set_location_assignment PIN_AB127 -to hps_trace_D7
set_location_assignment PIN_AG123 -to hps_gpio1_io3
set_location_assignment PIN_B134 -to hps_gpio1_io4
set_location_assignment PIN_M127 -to hps_gpio1_io12
set_location_assignment PIN_K127 -to hps_gpio1_io13
set_instance_assignment -name IO_STANDARD "1.8-V" -to hps_osc_clk
set_instance_assignment -name IO_STANDARD "1.8-V" -to hps_jtag_tck
set_instance_assignment -name IO_STANDARD "1.8-V" -to hps_jtag_tms
set_instance_assignment -name IO_STANDARD "1.8-V" -to hps_jtag_tdo
set_instance_assignment -name IO_STANDARD "1.8-V" -to hps_jtag_tdi
set_instance_assignment -name CURRENT_STRENGTH_NEW 4MA -to hps_jtag_tdo
set_instance_assignment -name WEAK_PULL_UP_DN_SEL PULL_UP_20 -to hps_jtag_tck
set_instance_assignment -name WEAK_PULL_UP_DN_SEL PULL_UP_20 -to hps_jtag_tms
set_instance_assignment -name WEAK_PULL_UP_DN_SEL PULL_UP_20 -to hps_jtag_tdi
set_instance_assignment -name IO_STANDARD "1.8-V" -to hps_emac0_TX_CLK
set_instance_assignment -name IO_STANDARD "1.8-V" -to hps_emac0_TX_CTL
set_instance_assignment -name IO_STANDARD "1.8-V" -to hps_emac0_RX_CLK
set_instance_assignment -name IO_STANDARD "1.8-V" -to hps_emac0_RX_CTL
set_instance_assignment -name CURRENT_STRENGTH_NEW 4MA -to hps_emac0_TX_CLK
set_instance_assignment -name CURRENT_STRENGTH_NEW 8MA -to hps_emac0_TX_CTL
set_instance_assignment -name WEAK_PULL_UP_DN_SEL PULL_UP_20 -to hps_emac0_RX_CLK
set_instance_assignment -name WEAK_PULL_UP_DN_SEL PULL_UP_20 -to hps_emac0_RX_CTL
set_instance_assignment -name IO_STANDARD "1.8-V" -to hps_emac0_RXD0
set_instance_assignment -name IO_STANDARD "1.8-V" -to hps_emac0_TXD0
set_instance_assignment -name CURRENT_STRENGTH_NEW 8MA -to hps_emac0_TXD0
set_instance_assignment -name WEAK_PULL_UP_DN_SEL PULL_UP_20 -to hps_emac0_RXD0
set_instance_assignment -name IO_STANDARD "1.8-V" -to hps_emac0_RXD1
set_instance_assignment -name IO_STANDARD "1.8-V" -to hps_emac0_TXD1
set_instance_assignment -name CURRENT_STRENGTH_NEW 8MA -to hps_emac0_TXD1
set_instance_assignment -name WEAK_PULL_UP_DN_SEL PULL_UP_20 -to hps_emac0_RXD1
set_instance_assignment -name IO_STANDARD "1.8-V" -to hps_emac0_RXD2
set_instance_assignment -name IO_STANDARD "1.8-V" -to hps_emac0_TXD2
set_instance_assignment -name CURRENT_STRENGTH_NEW 8MA -to hps_emac0_TXD2
set_instance_assignment -name WEAK_PULL_UP_DN_SEL PULL_UP_20 -to hps_emac0_RXD2
set_instance_assignment -name IO_STANDARD "1.8-V" -to hps_emac0_RXD3
set_instance_assignment -name IO_STANDARD "1.8-V" -to hps_emac0_TXD3
set_instance_assignment -name CURRENT_STRENGTH_NEW 8MA -to hps_emac0_TXD3
set_instance_assignment -name WEAK_PULL_UP_DN_SEL PULL_UP_20 -to hps_emac0_RXD3
set_instance_assignment -name IO_STANDARD "1.8-V" -to hps_emac0_MDIO
set_instance_assignment -name IO_STANDARD "1.8-V" -to hps_emac0_MDC
set_instance_assignment -name CURRENT_STRENGTH_NEW 4MA -to hps_emac0_MDIO
set_instance_assignment -name CURRENT_STRENGTH_NEW 4MA -to hps_emac0_MDC
set_instance_assignment -name AUTO_OPEN_DRAIN_PINS ON -to hps_emac0_MDIO
set_instance_assignment -name WEAK_PULL_UP_DN_SEL PULL_UP_20 -to hps_emac0_MDIO
set_instance_assignment -name IO_STANDARD "1.8-V" -to hps_spim0_CLK
set_instance_assignment -name IO_STANDARD "1.8-V" -to hps_spim0_MOSI
set_instance_assignment -name IO_STANDARD "1.8-V" -to hps_spim0_MISO
set_instance_assignment -name IO_STANDARD "1.8-V" -to hps_spim0_SS0_N
set_instance_assignment -name CURRENT_STRENGTH_NEW 4MA -to hps_spim0_CLK
set_instance_assignment -name CURRENT_STRENGTH_NEW 4MA -to hps_spim0_MOSI
set_instance_assignment -name CURRENT_STRENGTH_NEW 4MA -to hps_spim0_SS0_N
set_instance_assignment -name IO_STANDARD "1.8-V" -to hps_uart0_TX
set_instance_assignment -name IO_STANDARD "1.8-V" -to hps_uart0_RX
set_instance_assignment -name CURRENT_STRENGTH_NEW 4MA -to hps_uart0_TX
set_instance_assignment -name WEAK_PULL_UP_DN_SEL PULL_UP_20 -to hps_uart0_RX
set_instance_assignment -name IO_STANDARD "1.8-V" -to hps_trace_CLK
set_instance_assignment -name CURRENT_STRENGTH_NEW 8MA -to hps_trace_CLK
set_instance_assignment -name IO_STANDARD "1.8-V" -to hps_trace_D0
set_instance_assignment -name CURRENT_STRENGTH_NEW 8MA -to hps_trace_D0
set_instance_assignment -name IO_STANDARD "1.8-V" -to hps_trace_D1
set_instance_assignment -name CURRENT_STRENGTH_NEW 8MA -to hps_trace_D1
set_instance_assignment -name IO_STANDARD "1.8-V" -to hps_trace_D2
set_instance_assignment -name CURRENT_STRENGTH_NEW 8MA -to hps_trace_D2
set_instance_assignment -name IO_STANDARD "1.8-V" -to hps_trace_D3
set_instance_assignment -name CURRENT_STRENGTH_NEW 8MA -to hps_trace_D3
set_instance_assignment -name IO_STANDARD "1.8-V" -to hps_trace_D4
set_instance_assignment -name CURRENT_STRENGTH_NEW 8MA -to hps_trace_D4
set_instance_assignment -name IO_STANDARD "1.8-V" -to hps_trace_D5
set_instance_assignment -name CURRENT_STRENGTH_NEW 8MA -to hps_trace_D5
set_instance_assignment -name IO_STANDARD "1.8-V" -to hps_trace_D6
set_instance_assignment -name CURRENT_STRENGTH_NEW 8MA -to hps_trace_D6
set_instance_assignment -name IO_STANDARD "1.8-V" -to hps_trace_D7
set_instance_assignment -name CURRENT_STRENGTH_NEW 8MA -to hps_trace_D7
set_instance_assignment -name IO_STANDARD "1.8-V" -to hps_gpio1_io3
set_instance_assignment -name CURRENT_STRENGTH_NEW 2MA -to hps_gpio1_io3
set_instance_assignment -name IO_STANDARD "1.8-V" -to hps_gpio1_io4
set_instance_assignment -name CURRENT_STRENGTH_NEW 2MA -to hps_gpio1_io4
set_instance_assignment -name IO_STANDARD "1.8-V" -to hps_gpio1_io12
set_instance_assignment -name CURRENT_STRENGTH_NEW 2MA -to hps_gpio1_io12
set_instance_assignment -name IO_STANDARD "1.8-V" -to hps_gpio1_io13
set_instance_assignment -name CURRENT_STRENGTH_NEW 2MA -to hps_gpio1_io13
set_instance_assignment -name IO_STANDARD "1.8-V" -to hps_sdmmc_CCLK
set_instance_assignment -name IO_STANDARD "1.8-V" -to hps_emac0_PPS
set_instance_assignment -name IO_STANDARD "1.8-V" -to hps_sdmmc_CMD
set_instance_assignment -name IO_STANDARD "1.8-V" -to hps_sdmmc_D0
set_instance_assignment -name IO_STANDARD "1.8-V" -to hps_sdmmc_D1
set_instance_assignment -name IO_STANDARD "1.8-V" -to hps_sdmmc_D2
set_instance_assignment -name IO_STANDARD "1.8-V" -to hps_sdmmc_D3
set_instance_assignment -name IO_STANDARD "1.8-V" -to hps_i3c1_SDA
set_instance_assignment -name IO_STANDARD "1.8-V" -to hps_i3c1_SCL
set_instance_assignment -name IO_STANDARD "1.8-V" -to hps_emac0_PPS_TRIG

# HPS EMIF
set_location_assignment PIN_H108 -to emif_hps_emif_mem_0_mem_ck_t
set_instance_assignment -name IO_STANDARD "DIFFERENTIAL 1.2-V SSTL" -to emif_hps_emif_mem_0_mem_ck_t
set_location_assignment PIN_F108 -to emif_hps_emif_mem_0_mem_ck_c
set_instance_assignment -name IO_STANDARD "DIFFERENTIAL 1.2-V SSTL" -to emif_hps_emif_mem_0_mem_ck_c
set_location_assignment PIN_T114 -to emif_hps_emif_mem_0_mem_a[0]
set_instance_assignment -name IO_STANDARD "SSTL-12" -to emif_hps_emif_mem_0_mem_a[0]
set_location_assignment PIN_P114 -to emif_hps_emif_mem_0_mem_a[1]
set_instance_assignment -name IO_STANDARD "SSTL-12" -to emif_hps_emif_mem_0_mem_a[1]
set_location_assignment PIN_V117 -to emif_hps_emif_mem_0_mem_a[2]
set_instance_assignment -name IO_STANDARD "SSTL-12" -to emif_hps_emif_mem_0_mem_a[2]
set_location_assignment PIN_T117 -to emif_hps_emif_mem_0_mem_a[3]
set_instance_assignment -name IO_STANDARD "SSTL-12" -to emif_hps_emif_mem_0_mem_a[3]
set_location_assignment PIN_M114 -to emif_hps_emif_mem_0_mem_a[4]
set_instance_assignment -name IO_STANDARD "SSTL-12" -to emif_hps_emif_mem_0_mem_a[4]
set_location_assignment PIN_K114 -to emif_hps_emif_mem_0_mem_a[5]
set_instance_assignment -name IO_STANDARD "SSTL-12" -to emif_hps_emif_mem_0_mem_a[5]
set_location_assignment PIN_V108 -to emif_hps_emif_mem_0_mem_a[6]
set_instance_assignment -name IO_STANDARD "SSTL-12" -to emif_hps_emif_mem_0_mem_a[6]
set_location_assignment PIN_T108 -to emif_hps_emif_mem_0_mem_a[7]
set_instance_assignment -name IO_STANDARD "SSTL-12" -to emif_hps_emif_mem_0_mem_a[7]
set_location_assignment PIN_T105 -to emif_hps_emif_mem_0_mem_a[8]
set_instance_assignment -name IO_STANDARD "SSTL-12" -to emif_hps_emif_mem_0_mem_a[8]
set_location_assignment PIN_P105 -to emif_hps_emif_mem_0_mem_a[9]
set_instance_assignment -name IO_STANDARD "SSTL-12" -to emif_hps_emif_mem_0_mem_a[9]
set_location_assignment PIN_M105 -to emif_hps_emif_mem_0_mem_a[10]
set_instance_assignment -name IO_STANDARD "SSTL-12" -to emif_hps_emif_mem_0_mem_a[10]
set_location_assignment PIN_K105 -to emif_hps_emif_mem_0_mem_a[11]
set_instance_assignment -name IO_STANDARD "SSTL-12" -to emif_hps_emif_mem_0_mem_a[11]
set_location_assignment PIN_AG111 -to emif_hps_emif_mem_0_mem_a[12]
set_instance_assignment -name IO_STANDARD "SSTL-12" -to emif_hps_emif_mem_0_mem_a[12]
set_location_assignment PIN_Y114 -to emif_hps_emif_mem_0_mem_a[13]
set_instance_assignment -name IO_STANDARD "SSTL-12" -to emif_hps_emif_mem_0_mem_a[13]
set_location_assignment PIN_AB114 -to emif_hps_emif_mem_0_mem_a[14]
set_instance_assignment -name IO_STANDARD "SSTL-12" -to emif_hps_emif_mem_0_mem_a[14]
set_location_assignment PIN_AK107 -to emif_hps_emif_mem_0_mem_a[15]
set_instance_assignment -name IO_STANDARD "SSTL-12" -to emif_hps_emif_mem_0_mem_a[15]
set_location_assignment PIN_AK104 -to emif_hps_emif_mem_0_mem_a[16]
set_instance_assignment -name IO_STANDARD "SSTL-12" -to emif_hps_emif_mem_0_mem_a[16]
set_location_assignment PIN_M117 -to emif_hps_emif_mem_0_mem_act_n
set_instance_assignment -name IO_STANDARD "SSTL-12" -to emif_hps_emif_mem_0_mem_act_n
set_location_assignment PIN_AB108 -to emif_hps_emif_mem_0_mem_ba[0]
set_instance_assignment -name IO_STANDARD "SSTL-12" -to emif_hps_emif_mem_0_mem_ba[0]
set_location_assignment PIN_Y105 -to emif_hps_emif_mem_0_mem_ba[1]
set_instance_assignment -name IO_STANDARD "SSTL-12" -to emif_hps_emif_mem_0_mem_ba[1]
set_location_assignment PIN_AB105 -to emif_hps_emif_mem_0_mem_bg[0]
set_instance_assignment -name IO_STANDARD "SSTL-12" -to emif_hps_emif_mem_0_mem_bg[0]
set_location_assignment PIN_F117 -to emif_hps_emif_mem_0_mem_bg[1]
set_instance_assignment -name IO_STANDARD "SSTL-12" -to emif_hps_emif_mem_0_mem_bg[1]
set_location_assignment PIN_F105 -to emif_hps_emif_mem_0_mem_cke
set_instance_assignment -name IO_STANDARD "SSTL-12" -to emif_hps_emif_mem_0_mem_cke
set_location_assignment PIN_K117 -to emif_hps_emif_mem_0_mem_cs_n
set_instance_assignment -name IO_STANDARD "SSTL-12" -to emif_hps_emif_mem_0_mem_cs_n
set_location_assignment PIN_F114 -to emif_hps_emif_mem_0_mem_odt
set_instance_assignment -name IO_STANDARD "SSTL-12" -to emif_hps_emif_mem_0_mem_odt
set_location_assignment PIN_H117 -to emif_hps_emif_mem_0_mem_reset_n
set_instance_assignment -name IO_STANDARD "SSTL-12" -to emif_hps_emif_mem_0_mem_reset_n
set_location_assignment PIN_K108 -to emif_hps_emif_mem_0_mem_par
set_instance_assignment -name IO_STANDARD "SSTL-12" -to emif_hps_emif_mem_0_mem_par
set_location_assignment PIN_AK111 -to emif_hps_emif_oct_0_oct_rzqin
set_instance_assignment -name IO_STANDARD "1.2-V" -to emif_hps_emif_oct_0_oct_rzqin
set_location_assignment PIN_Y108 -to emif_hps_emif_mem_0_mem_alert_n
set_location_assignment PIN_AB117 -to emif_hps_emif_ref_clk_0_clk
set_location_assignment PIN_Y117 -to "emif_hps_emif_ref_clk_0_clk(n)"
set_location_assignment PIN_B122 -to emif_hps_emif_mem_0_mem_dqs_t[0]
set_instance_assignment -name IO_STANDARD "DIFFERENTIAL 1.2-V POD" -to emif_hps_emif_mem_0_mem_dqs_t[0]
set_location_assignment PIN_AG90 -to emif_hps_emif_mem_0_mem_dqs_t[1]
set_instance_assignment -name IO_STANDARD "DIFFERENTIAL 1.2-V POD" -to emif_hps_emif_mem_0_mem_dqs_t[1]
set_location_assignment PIN_K95 -to emif_hps_emif_mem_0_mem_dqs_t[2]
set_instance_assignment -name IO_STANDARD "DIFFERENTIAL 1.2-V POD" -to emif_hps_emif_mem_0_mem_dqs_t[2]
set_location_assignment PIN_F95 -to emif_hps_emif_mem_0_mem_dqs_t[3]
set_instance_assignment -name IO_STANDARD "DIFFERENTIAL 1.2-V POD" -to emif_hps_emif_mem_0_mem_dqs_t[3]
set_location_assignment PIN_A101 -to emif_hps_emif_mem_0_mem_dqs_t[4]
set_instance_assignment -name IO_STANDARD "DIFFERENTIAL 1.2-V POD" -to emif_hps_emif_mem_0_mem_dqs_t[4]
set_location_assignment PIN_A125 -to emif_hps_emif_mem_0_mem_dqs_c[0]
set_instance_assignment -name IO_STANDARD "DIFFERENTIAL 1.2-V POD" -to emif_hps_emif_mem_0_mem_dqs_c[0]
set_location_assignment PIN_AG93 -to emif_hps_emif_mem_0_mem_dqs_c[1]
set_instance_assignment -name IO_STANDARD "DIFFERENTIAL 1.2-V POD" -to emif_hps_emif_mem_0_mem_dqs_c[1]
set_location_assignment PIN_M95 -to emif_hps_emif_mem_0_mem_dqs_c[2]
set_instance_assignment -name IO_STANDARD "DIFFERENTIAL 1.2-V POD" -to emif_hps_emif_mem_0_mem_dqs_c[2]
set_location_assignment PIN_D95 -to emif_hps_emif_mem_0_mem_dqs_c[3]
set_instance_assignment -name IO_STANDARD "DIFFERENTIAL 1.2-V POD" -to emif_hps_emif_mem_0_mem_dqs_c[3]
set_location_assignment PIN_B101 -to emif_hps_emif_mem_0_mem_dqs_c[4]
set_instance_assignment -name IO_STANDARD "DIFFERENTIAL 1.2-V POD" -to emif_hps_emif_mem_0_mem_dqs_c[4]
set_location_assignment PIN_B128 -to emif_hps_emif_mem_0_mem_dq[0]
set_instance_assignment -name IO_STANDARD "1.2-V POD" -to emif_hps_emif_mem_0_mem_dq[0]
set_location_assignment PIN_B116 -to emif_hps_emif_mem_0_mem_dq[1]
set_instance_assignment -name IO_STANDARD "1.2-V POD" -to emif_hps_emif_mem_0_mem_dq[1]
set_location_assignment PIN_A128 -to emif_hps_emif_mem_0_mem_dq[2]
set_instance_assignment -name IO_STANDARD "1.2-V POD" -to emif_hps_emif_mem_0_mem_dq[2]
set_location_assignment PIN_A116 -to emif_hps_emif_mem_0_mem_dq[3]
set_instance_assignment -name IO_STANDARD "1.2-V POD" -to emif_hps_emif_mem_0_mem_dq[3]
set_location_assignment PIN_A130 -to emif_hps_emif_mem_0_mem_dq[4]
set_instance_assignment -name IO_STANDARD "1.2-V POD" -to emif_hps_emif_mem_0_mem_dq[4]
set_location_assignment PIN_B113 -to emif_hps_emif_mem_0_mem_dq[5]
set_instance_assignment -name IO_STANDARD "1.2-V POD" -to emif_hps_emif_mem_0_mem_dq[5]
set_location_assignment PIN_B130 -to emif_hps_emif_mem_0_mem_dq[6]
set_instance_assignment -name IO_STANDARD "1.2-V POD" -to emif_hps_emif_mem_0_mem_dq[6]
set_location_assignment PIN_A113 -to emif_hps_emif_mem_0_mem_dq[7]
set_instance_assignment -name IO_STANDARD "1.2-V POD" -to emif_hps_emif_mem_0_mem_dq[7]
set_location_assignment PIN_AC100 -to emif_hps_emif_mem_0_mem_dq[8]
set_instance_assignment -name IO_STANDARD "1.2-V POD" -to emif_hps_emif_mem_0_mem_dq[8]
set_location_assignment PIN_Y84 -to emif_hps_emif_mem_0_mem_dq[9]
set_instance_assignment -name IO_STANDARD "1.2-V POD" -to emif_hps_emif_mem_0_mem_dq[9]
set_location_assignment PIN_Y95 -to emif_hps_emif_mem_0_mem_dq[10]
set_instance_assignment -name IO_STANDARD "1.2-V POD" -to emif_hps_emif_mem_0_mem_dq[10]
set_location_assignment PIN_AC96 -to emif_hps_emif_mem_0_mem_dq[11]
set_instance_assignment -name IO_STANDARD "1.2-V POD" -to emif_hps_emif_mem_0_mem_dq[11]
set_location_assignment PIN_AG100 -to emif_hps_emif_mem_0_mem_dq[12]
set_instance_assignment -name IO_STANDARD "1.2-V POD" -to emif_hps_emif_mem_0_mem_dq[12]
set_location_assignment PIN_Y87 -to emif_hps_emif_mem_0_mem_dq[13]
set_instance_assignment -name IO_STANDARD "1.2-V POD" -to emif_hps_emif_mem_0_mem_dq[13]
set_location_assignment PIN_Y98 -to emif_hps_emif_mem_0_mem_dq[14]
set_instance_assignment -name IO_STANDARD "1.2-V POD" -to emif_hps_emif_mem_0_mem_dq[14]
set_location_assignment PIN_AG104 -to emif_hps_emif_mem_0_mem_dq[15]
set_instance_assignment -name IO_STANDARD "1.2-V POD" -to emif_hps_emif_mem_0_mem_dq[15]
set_location_assignment PIN_T98 -to emif_hps_emif_mem_0_mem_dq[16]
set_instance_assignment -name IO_STANDARD "1.2-V POD" -to emif_hps_emif_mem_0_mem_dq[16]
set_location_assignment PIN_M84 -to emif_hps_emif_mem_0_mem_dq[17]
set_instance_assignment -name IO_STANDARD "1.2-V POD" -to emif_hps_emif_mem_0_mem_dq[17]
set_location_assignment PIN_P95 -to emif_hps_emif_mem_0_mem_dq[18]
set_instance_assignment -name IO_STANDARD "1.2-V POD" -to emif_hps_emif_mem_0_mem_dq[18]
set_location_assignment PIN_T84 -to emif_hps_emif_mem_0_mem_dq[19]
set_instance_assignment -name IO_STANDARD "1.2-V POD" -to emif_hps_emif_mem_0_mem_dq[19]
set_location_assignment PIN_V98 -to emif_hps_emif_mem_0_mem_dq[20]
set_instance_assignment -name IO_STANDARD "1.2-V POD" -to emif_hps_emif_mem_0_mem_dq[20]
set_location_assignment PIN_P84 -to emif_hps_emif_mem_0_mem_dq[21]
set_instance_assignment -name IO_STANDARD "1.2-V POD" -to emif_hps_emif_mem_0_mem_dq[21]
set_location_assignment PIN_T95 -to emif_hps_emif_mem_0_mem_dq[22]
set_instance_assignment -name IO_STANDARD "1.2-V POD" -to emif_hps_emif_mem_0_mem_dq[22]
set_location_assignment PIN_K84 -to emif_hps_emif_mem_0_mem_dq[23]
set_instance_assignment -name IO_STANDARD "1.2-V POD" -to emif_hps_emif_mem_0_mem_dq[23]
set_location_assignment PIN_K98 -to emif_hps_emif_mem_0_mem_dq[24]
set_instance_assignment -name IO_STANDARD "1.2-V POD" -to emif_hps_emif_mem_0_mem_dq[24]
set_location_assignment PIN_K87 -to emif_hps_emif_mem_0_mem_dq[25]
set_instance_assignment -name IO_STANDARD "1.2-V POD" -to emif_hps_emif_mem_0_mem_dq[25]
set_location_assignment PIN_H98 -to emif_hps_emif_mem_0_mem_dq[26]
set_instance_assignment -name IO_STANDARD "1.2-V POD" -to emif_hps_emif_mem_0_mem_dq[26]
set_location_assignment PIN_M87 -to emif_hps_emif_mem_0_mem_dq[27]
set_instance_assignment -name IO_STANDARD "1.2-V POD" -to emif_hps_emif_mem_0_mem_dq[27]
set_location_assignment PIN_M98 -to emif_hps_emif_mem_0_mem_dq[28]
set_instance_assignment -name IO_STANDARD "1.2-V POD" -to emif_hps_emif_mem_0_mem_dq[28]
set_location_assignment PIN_D84 -to emif_hps_emif_mem_0_mem_dq[29]
set_instance_assignment -name IO_STANDARD "1.2-V POD" -to emif_hps_emif_mem_0_mem_dq[29]
set_location_assignment PIN_F98 -to emif_hps_emif_mem_0_mem_dq[30]
set_instance_assignment -name IO_STANDARD "1.2-V POD" -to emif_hps_emif_mem_0_mem_dq[30]
set_location_assignment PIN_F84 -to emif_hps_emif_mem_0_mem_dq[31]
set_instance_assignment -name IO_STANDARD "1.2-V POD" -to emif_hps_emif_mem_0_mem_dq[31]
set_location_assignment PIN_B106 -to emif_hps_emif_mem_0_mem_dq[32]
set_instance_assignment -name IO_STANDARD "1.2-V POD" -to emif_hps_emif_mem_0_mem_dq[32]
set_location_assignment PIN_A91 -to emif_hps_emif_mem_0_mem_dq[33]
set_instance_assignment -name IO_STANDARD "1.2-V POD" -to emif_hps_emif_mem_0_mem_dq[33]
set_location_assignment PIN_A106 -to emif_hps_emif_mem_0_mem_dq[34]
set_instance_assignment -name IO_STANDARD "1.2-V POD" -to emif_hps_emif_mem_0_mem_dq[34]
set_location_assignment PIN_A94 -to emif_hps_emif_mem_0_mem_dq[35]
set_instance_assignment -name IO_STANDARD "1.2-V POD" -to emif_hps_emif_mem_0_mem_dq[35]
set_location_assignment PIN_A110 -to emif_hps_emif_mem_0_mem_dq[36]
set_instance_assignment -name IO_STANDARD "1.2-V POD" -to emif_hps_emif_mem_0_mem_dq[36]
set_location_assignment PIN_B91 -to emif_hps_emif_mem_0_mem_dq[37]
set_instance_assignment -name IO_STANDARD "1.2-V POD" -to emif_hps_emif_mem_0_mem_dq[37]
set_location_assignment PIN_B103 -to emif_hps_emif_mem_0_mem_dq[38]
set_instance_assignment -name IO_STANDARD "1.2-V POD" -to emif_hps_emif_mem_0_mem_dq[38]
set_location_assignment PIN_B88 -to emif_hps_emif_mem_0_mem_dq[39]
set_instance_assignment -name IO_STANDARD "1.2-V POD" -to emif_hps_emif_mem_0_mem_dq[39]
# NOTE: DDR4 DBI (Data Bus Inversion) pins removed when EMIF dropped to
# DDR4-1600 @ 800 MHz for ES silicon (A5ED065BB32AE6SR0). The ES variant
# emif_io96b_hps.ip does not export mem_dbi_n. Pin locations PIN_B119, AC90,
# V87, H87, B97 are now unbonded and free for future use. See
# doc/potential_issues.md ISSUE-011.

# Variant IP source files
set_global_assignment -name IP_FILE ip/hps_subsys/agilex_hps.ip
set_global_assignment -name IP_FILE ip/hps_subsys/emif_io96b_hps.ip
set_global_assignment -name QSYS_FILE hps_subsys.qsys

set_global_assignment -name IP_FILE ip/fabric_subsys/system_clock.ip
set_global_assignment -name IP_FILE ip/fabric_subsys/system_reset.ip
set_global_assignment -name IP_FILE ip/fabric_subsys/h2f_axi_bridge.ip
set_global_assignment -name IP_FILE ip/fabric_subsys/sysid.ip
set_global_assignment -name IP_FILE ip/fabric_subsys/button_pio.ip
set_global_assignment -name IP_FILE ip/fabric_subsys/dipsw_pio.ip
set_global_assignment -name IP_FILE ip/fabric_subsys/led_pio.ip
set_global_assignment -name IP_FILE ip/fabric_subsys/peripherals_mm_bridge.ip
set_global_assignment -name IP_FILE ip/fabric_subsys/ace5lite_cache_coherency_translator.ip
set_global_assignment -name IP_FILE ip/fabric_subsys/ocm.ip
set_global_assignment -name IP_FILE ip/fabric_subsys/lwh2f_axi_bridge.ip
set_global_assignment -name IP_FILE ip/fabric_subsys/f2sdram_adapter.ip
set_global_assignment -name IP_FILE ip/fabric_subsys/sld_jtag_bridge_host.ip
set_global_assignment -name IP_FILE ip/fabric_subsys/configuration_reset_release_to_debug_logic.ip
set_global_assignment -name QSYS_FILE fabric_subsys.qsys

set_global_assignment -name IP_FILE ip/shell_subsys/clks_and_rsts.ip
set_global_assignment -name IP_FILE ip/shell_subsys/sys_pll.ip
set_global_assignment -name IP_FILE ip/shell_subsys/user_rst_clkgate.ip
set_global_assignment -name QSYS_FILE shell_subsys.qsys

set_global_assignment -name IP_FILE ip/baseline_top/sys_clock.ip
set_global_assignment -name IP_FILE ip/baseline_top/sys_reset.ip
set_global_assignment -name IP_FILE ip/baseline_top/sld_jtag_bridge_agent.ip
set_global_assignment -name QSYS_FILE baseline_top.qsys

set_global_assignment -name IP_FILE ip/niosv_subsys/f2sdram_address_span_extender.ip
set_global_assignment -name IP_FILE ip/niosv_subsys/fpga2hps_address_span_extender.ip
set_global_assignment -name IP_FILE ip/niosv_subsys/jtag_avalon_master.ip
set_global_assignment -name IP_FILE ip/niosv_subsys/jtag_uart.ip
set_global_assignment -name IP_FILE ip/niosv_subsys/niosv_clock.ip
set_global_assignment -name IP_FILE ip/niosv_subsys/niosv_m.ip
set_global_assignment -name IP_FILE ip/niosv_subsys/niosv_onchip_memory.ip
set_global_assignment -name IP_FILE ip/niosv_subsys/niosv_pio_in.ip
set_global_assignment -name IP_FILE ip/niosv_subsys/niosv_pio_out.ip
set_global_assignment -name IP_FILE ip/niosv_subsys/niosv_reset.ip
set_global_assignment -name QSYS_FILE niosv_subsys.qsys

# Stage 3: DAC subsystem (Phase A IP + SPI master + PIOs + JESD stub).
# dac_subsys.qsys is generated from ip/dac_subsys/dac_subsys.tcl by
# build.tcl's regen step (mtime check); the .qsys is committed as the
# build artifact, the .tcl is the editable source-of-truth.
set_global_assignment -name QSYS_FILE ../../ip/dac_subsys/dac_subsys.qsys


# Variant RTL source files
set_global_assignment -name SYSTEMVERILOG_FILE agilex5_devkit.sv
set_global_assignment -name SYSTEMVERILOG_FILE src/debounce.sv
set_global_assignment -name SYSTEMVERILOG_FILE src/clocks_and_resets.sv


# SDC files
set_global_assignment -name SDC_FILE agilex5_devkit.sdc
set_global_assignment -name SDC_FILE jtag.sdc


# Design Assistant files


# -----------------------------------------------------------------------------
# Stage 4: FMC AD9176-FMC-EBZ pin assignments
#
# CRITICAL (CLAUDE.md SS6 #3): VADJ on the dev kit MUST be 1.2 V before any
# bitstream drives the HSIO 3B LA bus. Pin locations are the FPGA BGA package
# pins as routed by the DK-A5E065BB32AES1 schematic (see AD9176_Dev_Pinout.txt
# 'FPGA FMC Pin Name' / FPGA-package column). The FMC-connector-side pin
# numbers in Agilex_FMC_Pinout.txt (G9, H11 etc.) are VITA 57.1 mezzanine
# coordinates, not FPGA package pins -- those would fail "illegal location
# assignment" at fitter time.
#
# fmc_ga[1:0] (FMC C34/D35) are board pull-ups, not routed to the FPGA on
# this dev kit; intentionally absent from agilex5_devkit.sv and from this qsf.
# -----------------------------------------------------------------------------

# FMC SPI bus to AD9176 (HSIO 3B 1.2-V, 8 mA drive)
set_location_assignment PIN_A54 -to fmc_spi_sck
set_location_assignment PIN_B54 -to fmc_spi_mosi
set_location_assignment PIN_A63 -to fmc_spi_miso
set_location_assignment PIN_B60 -to fmc_spi_cs1_n
set_location_assignment PIN_B56 -to fmc_spi_cs2_n
set_location_assignment PIN_A60 -to fmc_spi_en
set_instance_assignment -name IO_STANDARD "1.2-V" -to fmc_spi_sck
set_instance_assignment -name IO_STANDARD "1.2-V" -to fmc_spi_mosi
set_instance_assignment -name IO_STANDARD "1.2-V" -to fmc_spi_miso
set_instance_assignment -name IO_STANDARD "1.2-V" -to fmc_spi_cs1_n
set_instance_assignment -name IO_STANDARD "1.2-V" -to fmc_spi_cs2_n
set_instance_assignment -name IO_STANDARD "1.2-V" -to fmc_spi_en
set_instance_assignment -name CURRENT_STRENGTH_NEW 8MA -to fmc_spi_sck
set_instance_assignment -name CURRENT_STRENGTH_NEW 8MA -to fmc_spi_mosi
set_instance_assignment -name CURRENT_STRENGTH_NEW 8MA -to fmc_spi_cs1_n
set_instance_assignment -name CURRENT_STRENGTH_NEW 8MA -to fmc_spi_cs2_n
set_instance_assignment -name CURRENT_STRENGTH_NEW 8MA -to fmc_spi_en

# FMC control GPIOs (HSIO 3B 1.2-V, 8 mA drive)
set_location_assignment PIN_M58 -to fmc_txen[0]
set_location_assignment PIN_K58 -to fmc_txen[1]
set_location_assignment PIN_F47 -to fmc_pe_ctrl
set_instance_assignment -name IO_STANDARD "1.2-V" -to fmc_txen[0]
set_instance_assignment -name IO_STANDARD "1.2-V" -to fmc_txen[1]
set_instance_assignment -name IO_STANDARD "1.2-V" -to fmc_pe_ctrl
set_instance_assignment -name CURRENT_STRENGTH_NEW 8MA -to fmc_txen[0]
set_instance_assignment -name CURRENT_STRENGTH_NEW 8MA -to fmc_txen[1]
set_instance_assignment -name CURRENT_STRENGTH_NEW 8MA -to fmc_pe_ctrl

# FMC housekeeping (3.3-V LVCMOS)
# PG_M2C and PG_C2M are routed to the board-mgmt MAX10 FPGA on this dev kit,
# not to the main FPGA, so they are intentionally absent here. The u_pg_c2m_pio
# instance inside dac_subsys is preserved so the HPS can still write to it
# (output dangles inside baseline_top) in case Stage 5 finds firmware needs
# runtime control; the MAX10 likely handles the handshake autonomously.
set_location_assignment PIN_K8 -to fmc_prsnt_n
set_instance_assignment -name IO_STANDARD "3.3-V LVCMOS" -to fmc_prsnt_n


# Design partitions assignments
#set_instance_assignment -name PARTITION fabric_subsys -to u_baseline_top|u_fabric_subsys -entity agilex5_devkit
#set_instance_assignment -name PLACE_REGION "X1 Y7 X184 Y140" -to u_baseline_top|u_fabric_subsys
#set_instance_assignment -name RESERVE_PLACE_REGION ON -to u_baseline_top|u_fabric_subsys
#set_instance_assignment -name CORE_ONLY_PLACE_REGION ON -to u_baseline_top|u_fabric_subsys
#set_instance_assignment -name REGION_NAME u_fabric_subsys -to u_baseline_top|u_fabric_subsys
#set_instance_assignment -name RESERVED_CORE ON -to u_baseline_top|u_fabric_subsys -entity agilex5_devkit
#set_instance_assignment -name ROUTE_REGION "X0 Y0 X185 Y147" -to u_baseline_top|u_fabric_subsys
#set_instance_assignment -name RESERVE_ROUTE_REGION OFF -to u_baseline_top|u_fabric_subsys
#set_instance_assignment -name PARTITION_COLOUR 4294960760 -to u_baseline_top|u_fabric_subsys -entity agilex5_devkit
#set_instance_assignment -name PARTITION_COLOUR 4283486463 -to agilex5_devkit -entity agilex5_devkit
#set_instance_assignment -name PARTITION_COLOUR 4286438143 -to auto_fab_0 -entity agilex5_devkit
#set_instance_assignment -name PARTITION_COLOUR 4294956150 -to u_baseline_top|u_fabric_subsys|auto_fab_1 -entity agilex5_devkit
set_global_assignment -name IP_FILE ../../ip/dac_subsys/ip/dac_subsys/dac_subsys_u_clk_bridge_axi.ip
set_global_assignment -name IP_FILE ../../ip/dac_subsys/ip/dac_subsys/dac_subsys_u_clk_bridge_jesd.ip
set_global_assignment -name IP_FILE ../../ip/dac_subsys/ip/dac_subsys/dac_subsys_u_rst_bridge_axi.ip
set_global_assignment -name IP_FILE ../../ip/dac_subsys/ip/dac_subsys/dac_subsys_u_rst_bridge_jesd.ip
set_global_assignment -name IP_FILE ../../ip/dac_subsys/ip/dac_subsys/dac_subsys_u_csr_bridge.ip
set_global_assignment -name IP_FILE ../../ip/dac_subsys/ip/dac_subsys/dac_subsys_u_spi_master.ip
set_global_assignment -name IP_FILE ../../ip/dac_subsys/ip/dac_subsys/dac_subsys_u_tx_en_pio.ip
set_global_assignment -name IP_FILE ../../ip/dac_subsys/ip/dac_subsys/dac_subsys_u_pe_ctrl_pio.ip
set_global_assignment -name IP_FILE ../../ip/dac_subsys/ip/dac_subsys/dac_subsys_u_dac_status_pio.ip
set_global_assignment -name IP_FILE ../../ip/dac_subsys/ip/dac_subsys/dac_subsys_u_spi_en_pio.ip
set_global_assignment -name IP_FILE ../../ip/dac_subsys/ip/dac_subsys/dac_subsys_u_pg_c2m_pio.ip
set_global_assignment -name IP_FILE ../../ip/dac_subsys/ip/dac_subsys/dac_subsys_u_jesd_stub.ip
set_global_assignment -name IP_FILE ../../ip/dac_subsys/ip/dac_subsys/dac_subsys_u_xcvr_refclk.ip
set_global_assignment -name IP_FILE ../../ip/dac_subsys/ip/dac_subsys/dac_subsys_u_rst_bridge_axi_n.ip
set_global_assignment -name IP_FILE ../../ip/dac_subsys/ip/dac_subsys/dac_subsys_u_rst_bridge_jesd_n.ip
set_global_assignment -name IP_FILE ../../ip/dac_subsys/ip/dac_subsys/dac_subsys_u_jesd_link0.ip
set_global_assignment -name IP_FILE ../../ip/dac_subsys/ip/dac_subsys/dac_subsys_u_jesd_link1.ip


# -----------------------------------------------------------------------------
# Stage 5 (merged): JESD204B GTS pin assignments + new RTL files + SDC
#
# All pin locations are FPGA BGA package pins recovered from
# AD9176_Dev_Pinout.txt (rightmost "FPGA Pin" column). The FMC connector
# coordinates (D4, A22, etc.) in Agilex_FMC_Pinout.txt are VITA 57.1
# mezzanine grid, not FPGA package pins -- using those would fail "illegal
# location assignment" at fitter time (Stage 4 lesson, ISSUE-013).
#
# Bank usage:
#   GBTCLK0_M2C    : UX 4B HSST refclk pad (no IO_STANDARD; GTS IP sets it)
#   SERDIN[7:0]    : UX 4B (lanes 0..3, pins A*) + UX 4C (lanes 4..7, pins B*)
#                    HSST transceiver pads (no IO_STANDARD; GTS IP sets it)
#   SYSREF, SYNC0/1: HSIO 3B LVDS 1.2 V, "1.2-V TRUE DIFFERENTIAL SIGNALING"
#                    (per upstream a5ed065a-premium-devkit-emmc EMIF refclk)
#
# LVDS input convention: only the _p name appears in the SV RTL; the _n
# location is assigned via the "name(n)" syntax. HSST diff pairs use
# explicit _p / _n in RTL (per USB31 PHY pattern in upstream baseline_a55).
# -----------------------------------------------------------------------------

# JESD GTS refclks. Two refclks because Agilex 5 GTS cannot route a refclk
# across transceiver tiles (ISSUE-015). Both 312.5 MHz from the
# AD9176-FMC-EBZ HMC7044 (phase-locked via PLL2 to a common reference).
#   GBTCLK0 (FMC D4/D5 = FPGA AP16/AP21, UX 4B) -> u_jesd_link0
#   GBTCLK1 (FMC B20/B21 = FPGA AV16/AV21, UX 4C) -> u_jesd_link1
# Only _p has an explicit location + IO_STANDARD; Quartus infers the _n
# complement (PIN_AP21 / PIN_AV21) from CML pad-pair adjacency.
set_location_assignment PIN_AP16 -to fmc_gbtclk0_p
set_instance_assignment -name IO_STANDARD "CURRENT MODE LOGIC (CML)" -to fmc_gbtclk0_p
set_location_assignment PIN_AV16 -to fmc_gbtclk1_p
set_instance_assignment -name IO_STANDARD "CURRENT MODE LOGIC (CML)" -to fmc_gbtclk1_p

# JESD SYSREF (FMC G6/G7 LA00_CC = FPGA A45/B42, HSIO 3B 1.2-V LVDS)
set_location_assignment PIN_A45 -to fmc_sysref
set_location_assignment PIN_B42 -to "fmc_sysref(n)"
set_instance_assignment -name IO_STANDARD "1.2-V TRUE DIFFERENTIAL SIGNALING" -to fmc_sysref

# JESD SYNC0 (FMC D8/D9 LA01_CC = FPGA B45/A48, HSIO 3B 1.2-V LVDS)
# AD9176 drives, FPGA samples (input).
set_location_assignment PIN_B45 -to fmc_sync0
set_location_assignment PIN_A48 -to "fmc_sync0(n)"
set_instance_assignment -name IO_STANDARD "1.2-V TRUE DIFFERENTIAL SIGNALING" -to fmc_sync0

# JESD SYNC1 (FMC H7/H8 LA02 = FPGA B51/A51, HSIO 3B 1.2-V LVDS)
set_location_assignment PIN_B51 -to fmc_sync1
set_location_assignment PIN_A51 -to "fmc_sync1(n)"
set_instance_assignment -name IO_STANDARD "1.2-V TRUE DIFFERENTIAL SIGNALING" -to fmc_sync1

# JESD TX serial lanes (FMC TX0..TX7 = FPGA UX 4B + UX 4C HSST)
# Lane index here is the FPGA-side fmc_serdin_tx[i]; the logical->physical
# scramble (AD9176 SERDIN0..7 vs FMC TX0..7) is in the GTS IP wizard config.
# Per AD9176_Dev_Pinout.txt FPGA Pin column:
#   FMC_TX0_P/N (SERDIN7) = AU7  / AU10
#   FMC_TX1_P/N (SERDIN6) = AR7  / AR10
#   FMC_TX2_P/N (SERDIN5) = AN7  / AN10
#   FMC_TX3_P/N (SERDIN4) = AL7  / AL10
#   FMC_TX4_P/N (SERDIN2) = BE7  / BE10
#   FMC_TX5_P/N (SERDIN0) = BC7  / BC10
#   FMC_TX6_P/N (SERDIN1) = BA7  / BA10
#   FMC_TX7_P/N (SERDIN3) = AW7  / AW10
# fmc_serdin_tx[0..3] -> u_jesd_link0 (FMC_TX0..TX3 = UX 4B)
# fmc_serdin_tx[4..7] -> u_jesd_link1 (FMC_TX4..TX7 = UX 4B (BE7) + UX 4C)
set_location_assignment PIN_AU7  -to fmc_serdin_tx_p[0]
set_location_assignment PIN_AU10 -to fmc_serdin_tx_n[0]
set_location_assignment PIN_AR7  -to fmc_serdin_tx_p[1]
set_location_assignment PIN_AR10 -to fmc_serdin_tx_n[1]
set_location_assignment PIN_AN7  -to fmc_serdin_tx_p[2]
set_location_assignment PIN_AN10 -to fmc_serdin_tx_n[2]
set_location_assignment PIN_AL7  -to fmc_serdin_tx_p[3]
set_location_assignment PIN_AL10 -to fmc_serdin_tx_n[3]
set_location_assignment PIN_BE7  -to fmc_serdin_tx_p[4]
set_location_assignment PIN_BE10 -to fmc_serdin_tx_n[4]
set_location_assignment PIN_BC7  -to fmc_serdin_tx_p[5]
set_location_assignment PIN_BC10 -to fmc_serdin_tx_n[5]
set_location_assignment PIN_BA7  -to fmc_serdin_tx_p[6]
set_location_assignment PIN_BA10 -to fmc_serdin_tx_n[6]
set_location_assignment PIN_AW7  -to fmc_serdin_tx_p[7]
set_location_assignment PIN_AW10 -to fmc_serdin_tx_n[7]

# IO_STANDARD on SERDIN diff pairs (per upstream usb31_phy_tx_serial pattern)
set_instance_assignment -name IO_STANDARD "HIGH SPEED DIFFERENTIAL I/O" -to fmc_serdin_tx_p[0]
set_instance_assignment -name IO_STANDARD "HIGH SPEED DIFFERENTIAL I/O" -to fmc_serdin_tx_n[0]
set_instance_assignment -name IO_STANDARD "HIGH SPEED DIFFERENTIAL I/O" -to fmc_serdin_tx_p[1]
set_instance_assignment -name IO_STANDARD "HIGH SPEED DIFFERENTIAL I/O" -to fmc_serdin_tx_n[1]
set_instance_assignment -name IO_STANDARD "HIGH SPEED DIFFERENTIAL I/O" -to fmc_serdin_tx_p[2]
set_instance_assignment -name IO_STANDARD "HIGH SPEED DIFFERENTIAL I/O" -to fmc_serdin_tx_n[2]
set_instance_assignment -name IO_STANDARD "HIGH SPEED DIFFERENTIAL I/O" -to fmc_serdin_tx_p[3]
set_instance_assignment -name IO_STANDARD "HIGH SPEED DIFFERENTIAL I/O" -to fmc_serdin_tx_n[3]
set_instance_assignment -name IO_STANDARD "HIGH SPEED DIFFERENTIAL I/O" -to fmc_serdin_tx_p[4]
set_instance_assignment -name IO_STANDARD "HIGH SPEED DIFFERENTIAL I/O" -to fmc_serdin_tx_n[4]
set_instance_assignment -name IO_STANDARD "HIGH SPEED DIFFERENTIAL I/O" -to fmc_serdin_tx_p[5]
set_instance_assignment -name IO_STANDARD "HIGH SPEED DIFFERENTIAL I/O" -to fmc_serdin_tx_n[5]
set_instance_assignment -name IO_STANDARD "HIGH SPEED DIFFERENTIAL I/O" -to fmc_serdin_tx_p[6]
set_instance_assignment -name IO_STANDARD "HIGH SPEED DIFFERENTIAL I/O" -to fmc_serdin_tx_n[6]
set_instance_assignment -name IO_STANDARD "HIGH SPEED DIFFERENTIAL I/O" -to fmc_serdin_tx_p[7]
set_instance_assignment -name IO_STANDARD "HIGH SPEED DIFFERENTIAL I/O" -to fmc_serdin_tx_n[7]

# Stage 5 (merged) new RTL + SDC
set_global_assignment -name SYSTEMVERILOG_FILE src/fmc_handshake.sv
set_global_assignment -name VHDL_FILE          src/sysref_capture.vhd
set_global_assignment -name SDC_FILE           sdc/fmc_io.sdc
set_global_assignment -name SDC_FILE           sdc/jesd_cdc.sdc
set_global_assignment -name IP_FILE ../../ip/dac_subsys/ip/dac_subsys/dac_subsys_u_xcvr_refclk_4c.ip
set_global_assignment -name IP_FILE ../../ip/dac_subsys/ip/dac_subsys/dac_subsys_u_dac_controller_0.ip
